{
  "name": "avanza-api",
  "version": "1.0.1",
  "lockfileVersion": 1,
  "requires": true,
  "dependencies": {
    "@types/node": {
      "version": "12.7.7",
      "resolved": "https://registry.npmjs.org/@types/node/-/node-12.7.7.tgz",
      "integrity": "sha512-4jUncNe2tj1nmrO/34PsRpZqYVnRV1svbU78cKhuQKkMntKB/AmdLyGgswcZKjFHEHGpiY8pVD8CuVI55nP54w==",
      "dev": true
    },
    "fetch-register": {
      "version": "1.3.0",
      "resolved": "https://registry.npmjs.org/fetch-register/-/fetch-register-1.3.0.tgz",
      "integrity": "sha512-xuaODD6QmNWUvpNl2D3IIYnqK4T4+wOBBTd92oJyP2P6eXsaHVavcNXnJTiGKiMsIb4KxejBxI+AVwof5Dc6rQ==",
      "requires": {
        "node-fetch": "^2.6.0"
      }
    },
    "node-fetch": {
      "version": "2.6.0",
      "resolved": "https://registry.npmjs.org/node-fetch/-/node-fetch-2.6.0.tgz",
      "integrity": "sha512-8dG4H5ujfvFiqDmVu9fQ5bOHUC15JMjMY/Zumv26oOvvVJjM67KF8koCWIabKQ1GJIa9r2mMZscBq/TbdOcmNA=="
    }
  }
}
